// !$*UTF8*$!
{
	archiveVersion = 1;
	classes = {
	};
	objectVersion = 46;
	objects = {

/* Begin PBXBuildFile section */
		423787331C6C425D006C8011 /* Chinese Remainder Theorem.cpp in Sources */ = {isa = PBXBuildFile; fileRef = 423787321C6C425D006C8011 /* Chinese Remainder Theorem.cpp */; };
/* End PBXBuildFile section */

/* Begin PBXCopyFilesBuildPhase section */
		4237872D1C6C425D006C8011 /* CopyFiles */ = {
			isa = PBXCopyFilesBuildPhase;
			buildActionMask = 2147483647;
			dstPath = /usr/share/man/man1/;
			dstSubfolderSpec = 0;
			files = (
			);
			runOnlyForDeploymentPostprocessing = 1;
		};
/* End PBXCopyFilesBuildPhase section */

/* Begin PBXFileReference section */
		4237872F1C6C425D006C8011 /* Chinese Remainder Theorem */ = {isa = PBXFileReference; explicitFileType = "compiled.mach-o.executable"; includeInIndex = 0; path = "Chinese Remainder Theorem"; sourceTree = BUILT_PRODUCTS_DIR; };
		423787321C6C425D006C8011 /* Chinese Remainder Theorem.cpp */ = {isa = PBXFileReference; lastKnownFileType = sourcecode.cpp.cpp; path = "Chinese Remainder Theorem.cpp"; sourceTree = "<group>"; };
/* End PBXFileReference section */

/* Begin PBXFrameworksBuildPhase section */
		4237872C1C6C425D006C8011 /* Frameworks */ = {
			isa = PBXFrameworksBuildPhase;
			buildActionMask = 2147483647;
			files = (
			);
			runOnlyForDeploymentPostprocessing = 0;
		};
/* End PBXFrameworksBuildPhase section */

/* Begin PBXGroup section */
		423787261C6C425D006C8011 = {
			isa = PBXGroup;
			children = (
				423787311C6C425D006C8011 /* Chinese Remainder Theorem */,
				423787301C6C425D006C8011 /* Products */,
			);
			sourceTree = "<group>";
		};
		423787301C6C425D006C8011 /* Products */ = {
			isa = PBXGroup;
			children = (
				4237872F1C6C425D006C8011 /* Chinese Remainder Theorem */,
			);
			name = Products;
			sourceTree = "<group>";
		};
		423787311C6C425D006C8011 /* Chinese Remainder Theorem */ = {
			isa = PBXGroup;
			children = (
				423787321C6C425D006C8011 /* Chinese Remainder Theorem.cpp */,
			);
			path = "Chinese Remainder Theorem";
			sourceTree = "<group>";
		};
/* End PBXGroup section */

/* Begin PBXNativeTarget section */
		4237872E1C6C425D006C8011 /* Chinese Remainder Theorem */ = {
			isa = PBXNativeTarget;
			buildConfigurationList = 423787361C6C425D006C8011 /* Build configuration list for PBXNativeTarget "Chinese Remainder Theorem" */;
			buildPhases = (
				4237872B1C6C425D006C8011 /* Sources */,
				4237872C1C6C425D006C8011 /* Frameworks */,
				4237872D1C6C425D006C8011 /* CopyFiles */,
			);
			buildRules = (
			);
			dependencies = (
			);
			name = "Chinese Remainder Theorem";
			productName = "Chinese Remainder Theorem";
			productReference = 4237872F1C6C425D006C8011 /* Chinese Remainder Theorem */;
			productType = "com.apple.product-type.tool";
		};
/* End PBXNativeTarget section */

/* Begin PBXProject section */
		423787271C6C425D006C8011 /* Project object */ = {
			isa = PBXProject;
			attributes = {
				LastUpgradeCheck = 0720;
				ORGANIZATIONNAME = joshuacnf;
				TargetAttributes = {
					4237872E1C6C425D006C8011 = {
						CreatedOnToolsVersion = 7.2.1;
					};
				};
			};
			buildConfigurationList = 4237872A1C6C425D006C8011 /* Build configuration list for PBXProject "Chinese Remainder Theorem" */;
			compatibilityVersion = "Xcode 3.2";
			developmentRegion = English;
			hasScannedForEncodings = 0;
			knownRegions = (
				en,
			);
			mainGroup = 423787261C6C425D006C8011;
			productRefGroup = 423787301C6C425D006C8011 /* Products */;
			projectDirPath = "";
			projectRoot = "";
			targets = (
				4237872E1C6C425D006C8011 /* Chinese Remainder Theorem */,
			);
		};
/* End PBXProject section */

/* Begin PBXSourcesBuildPhase section */
		4237872B1C6C425D006C8011 /* Sources */ = {
			isa = PBXSourcesBuildPhase;
			buildActionMask = 2147483647;
			files = (
				423787331C6C425D006C8011 /* Chinese Remainder Theorem.cpp in Sources */,
			);
			runOnlyForDeploymentPostprocessing = 0;
		};
/* End PBXSourcesBuildPhase section */

/* Begin XCBuildConfiguration section */
		423787341C6C425D006C8011 /* Debug */ = {
			isa = XCBuildConfiguration;
			buildSettings = {
				ALWAYS_SEARCH_USER_PATHS = NO;
				CLANG_CXX_LANGUAGE_STANDARD = "gnu++0x";
				CLANG_CXX_LIBRARY = "libc++";
				CLANG_ENABLE_MODULES = YES;
				CLANG_ENABLE_OBJC_ARC = YES;
				CLANG_WARN_BOOL_CONVERSION = YES;
				CLANG_WARN_CONSTANT_CONVERSION = YES;
				CLANG_WARN_DIRECT_OBJC_ISA_USAGE = YES_ERROR;
				CLANG_WARN_EMPTY_BODY = YES;
				CLANG_WARN_ENUM_CONVERSION = YES;
				CLANG_WARN_INT_CONVERSION = YES;
				CLANG_WARN_OBJC_ROOT_CLASS = YES_ERROR;
				CLANG_WARN_UNREACHABLE_CODE = YES;
				CLANG_WARN__DUPLICATE_METHOD_MATCH = YES;
				CODE_SIGN_IDENTITY = "-";
				COPY_PHASE_STRIP = NO;
				DEBUG_INFORMATION_FORMAT = dwarf;
				ENABLE_STRICT_OBJC_MSGSEND = YES;
				ENABLE_TESTABILITY = YES;
				GCC_C_LANGUAGE_STANDARD = gnu99;
				GCC_DYNAMIC_NO_PIC = NO;
				GCC_NO_COMMON_BLOCKS = YES;
				GCC_OPTIMIZATION_LEVEL = 0;
				GCC_PREPROCESSOR_DEFINITIONS = (
					"DEBUG=1",
					"$(inherited)",
				);
				GCC_WARN_64_TO_32_BIT_CONVERSION = YES;
				GCC_WARN_ABOUT_RETURN_TYPE = YES_ERROR;
				GCC_WARN_UNDECLARED_SELECTOR = YES;
				GCC_WARN_UNINITIALIZED_AUTOS = YES_AGGRESSIVE;
				GCC_WARN_UNUSED_FUNCTION = YES;
				GCC_WARN_UNUSED_VARIABLE = YES;
				MACOSX_DEPLOYMENT_TARGET = 10.11;
				MTL_ENABLE_DEBUG_INFO = YES;
				ONLY_ACTIVE_ARCH = YES;
				SDKROOT = macosx;
			};
			name = Debug;
		};
		423787351C6C425D006C8011 /* Release */ = {
			isa = XCBuildConfiguration;
			buildSettings = {
				ALWAYS_SEARCH_USER_PATHS = NO;
				CLANG_CXX_LANGUAGE_STANDARD = "gnu++0x";
				CLANG_CXX_LIBRARY = "libc++";
				CLANG_ENABLE_MODULES = YES;
				CLANG_ENABLE_OBJC_ARC = YES;
				CLANG_WARN_BOOL_CONVERSION = YES;
				CLANG_WARN_CONSTANT_CONVERSION = YES;
				CLANG_WARN_DIRECT_OBJC_ISA_USAGE = YES_ERROR;
				CLANG_WARN_EMPTY_BODY = YES;
				CLANG_WARN_ENUM_CONVERSION = YES;
				CLANG_WARN_INT_CONVERSION = YES;
				CLANG_WARN_OBJC_ROOT_CLASS = YES_ERROR;
				CLANG_WARN_UNREACHABLE_CODE = YES;
				CLANG_WARN__DUPLICATE_METHOD_MATCH = YES;
				CODE_SIGN_IDENTITY = "-";
				COPY_PHASE_STRIP = NO;
				DEBUG_INFORMATION_FORMAT = "dwarf-with-dsym";
				ENABLE_NS_ASSERTIONS = NO;
				ENABLE_STRICT_OBJC_MSGSEND = YES;
				GCC_C_LANGUAGE_STANDARD = gnu99;
				GCC_NO_COMMON_BLOCKS = YES;
				GCC_WARN_64_TO_32_BIT_CONVERSION = YES;
				GCC_WARN_ABOUT_RETURN_TYPE = YES_ERROR;
				GCC_WARN_UNDECLARED_SELECTOR = YES;
				GCC_WARN_UNINITIALIZED_AUTOS = YES_AGGRESSIVE;
				GCC_WARN_UNUSED_FUNCTION = YES;
				GCC_WARN_UNUSED_VARIABLE = YES;
				MACOSX_DEPLOYMENT_TARGET = 10.11;
				MTL_ENABLE_DEBUG_INFO = NO;
				SDKROOT = macosx;
			};
			name = Release;
		};
		423787371C6C425D006C8011 /* Debug */ = {
			isa = XCBuildConfiguration;
			buildSettings = {
				PRODUCT_NAME = "$(TARGET_NAME)";
			};
			name = Debug;
		};
		423787381C6C425D006C8011 /* Release */ = {
			isa = XCBuildConfiguration;
			buildSettings = {
				PRODUCT_NAME = "$(TARGET_NAME)";
			};
			name = Release;
		};
/* End XCBuildConfiguration section */

/* Begin XCConfigurationList section */
		4237872A1C6C425D006C8011 /* Build configuration list for PBXProject "Chinese Remainder Theorem" */ = {
			isa = XCConfigurationList;
			buildConfigurations = (
				423787341C6C425D006C8011 /* Debug */,
				423787351C6C425D006C8011 /* Release */,
			);
			defaultConfigurationIsVisible = 0;
			defaultConfigurationName = Release;
		};
		423787361C6C425D006C8011 /* Build configuration list for PBXNativeTarget "Chinese Remainder Theorem" */ = {
			isa = XCConfigurationList;
			buildConfigurations = (
				423787371C6C425D006C8011 /* Debug */,
				423787381C6C425D006C8011 /* Release */,
			);
			defaultConfigurationIsVisible = 0;
		};
/* End XCConfigurationList section */
	};
	rootObject = 423787271C6C425D006C8011 /* Project object */;
}
